{
  "name": "polymarket-bot",
  "version": "1.0.0",
  "lockfileVersion": 3,
  "requires": true,
  "packages": {
    "": {
      "name": "polymarket-bot",
      "version": "1.0.0",
      "dependencies": {
        "@polymarket/clob-client": "^2.0.0",
        "axios": "^1.7.9",
        "dotenv": "^16.4.5",
        "ethers": "^5.7.2",
        "pino": "^9.3.2",
        "pino-pretty": "^11.2.2"
      }
    }
  }
}
